// !$*UTF8*$!
{
	archiveVersion = 1;
	classes = {
	};
	objectVersion = 46;
	objects = {

/* Begin PBXBuildFile section */
		DE48F69F1640A57200B3A52E /* CHANGELOG.md in Resources */ = {isa = PBXBuildFile; fileRef = DE48F6741640A57100B3A52E /* CHANGELOG.md */; };
		DE48F6A01640A57200B3A52E /* libstackmob-v1.1.3.a in Frameworks */ = {isa = PBXBuildFile; fileRef = DE48F69E1640A57200B3A52E /* libstackmob-v1.1.3.a */; };
		DE4BCB68161638D4003F4A66 /* UIKit.framework in Frameworks */ = {isa = PBXBuildFile; fileRef = DE4BCB67161638D4003F4A66 /* UIKit.framework */; };
		DE4BCB6A161638D4003F4A66 /* Foundation.framework in Frameworks */ = {isa = PBXBuildFile; fileRef = DE4BCB69161638D4003F4A66 /* Foundation.framework */; };
		DE4BCB6C161638D4003F4A66 /* CoreGraphics.framework in Frameworks */ = {isa = PBXBuildFile; fileRef = DE4BCB6B161638D4003F4A66 /* CoreGraphics.framework */; };
		DE4BCB72161638D4003F4A66 /* InfoPlist.strings in Resources */ = {isa = PBXBuildFile; fileRef = DE4BCB70161638D4003F4A66 /* InfoPlist.strings */; };
		DE4BCB74161638D4003F4A66 /* main.m in Sources */ = {isa = PBXBuildFile; fileRef = DE4BCB73161638D4003F4A66 /* main.m */; };
		DE4BCB78161638D4003F4A66 /* AppDelegate.m in Sources */ = {isa = PBXBuildFile; fileRef = DE4BCB77161638D4003F4A66 /* AppDelegate.m */; };
		DE4BCB7B161638D4003F4A66 /* MainStoryboard.storyboard in Resources */ = {isa = PBXBuildFile; fileRef = DE4BCB79161638D4003F4A66 /* MainStoryboard.storyboard */; };
		DE4BCB7E161638D4003F4A66 /* ViewController.m in Sources */ = {isa = PBXBuildFile; fileRef = DE4BCB7D161638D4003F4A66 /* ViewController.m */; };
		DE4BCB871616392E003F4A66 /* CoreData.framework in Frameworks */ = {isa = PBXBuildFile; fileRef = DE4BCB861616392E003F4A66 /* CoreData.framework */; };
		DE4BCB8A16163987003F4A66 /* mydatamodel.xcdatamodeld in Sources */ = {isa = PBXBuildFile; fileRef = DE4BCB8816163987003F4A66 /* mydatamodel.xcdatamodeld */; };
		DEE2A438165C16470022391A /* SystemConfiguration.framework in Frameworks */ = {isa = PBXBuildFile; fileRef = DEE2A437165C16470022391A /* SystemConfiguration.framework */; };
		DEE2A43B165C164C0022391A /* MobileCoreServices.framework in Frameworks */ = {isa = PBXBuildFile; fileRef = DEE2A43A165C164C0022391A /* MobileCoreServices.framework */; };
		DEE5C41C162F34490024001B /* Default-568h@2x.png in Resources */ = {isa = PBXBuildFile; fileRef = DEE5C41B162F34490024001B /* Default-568h@2x.png */; };
		DEE777AE162DFF0C002E9E33 /* Security.framework in Frameworks */ = {isa = PBXBuildFile; fileRef = DEE777AD162DFF0C002E9E33 /* Security.framework */; };
/* End PBXBuildFile section */

/* Begin PBXFileReference section */
		DE48F6741640A57100B3A52E /* CHANGELOG.md */ = {isa = PBXFileReference; fileEncoding = 4; lastKnownFileType = text; path = CHANGELOG.md; sourceTree = "<group>"; };
		DE48F6761640A57100B3A52E /* AFHTTPClient.h */ = {isa = PBXFileReference; fileEncoding = 4; lastKnownFileType = sourcecode.c.h; path = AFHTTPClient.h; sourceTree = "<group>"; };
		DE48F6771640A57100B3A52E /* AFHTTPRequestOperation.h */ = {isa = PBXFileReference; fileEncoding = 4; lastKnownFileType = sourcecode.c.h; path = AFHTTPRequestOperation.h; sourceTree = "<group>"; };
		DE48F6781640A57100B3A52E /* AFImageRequestOperation.h */ = {isa = PBXFileReference; fileEncoding = 4; lastKnownFileType = sourcecode.c.h; path = AFImageRequestOperation.h; sourceTree = "<group>"; };
		DE48F6791640A57100B3A52E /* AFJSONRequestOperation.h */ = {isa = PBXFileReference; fileEncoding = 4; lastKnownFileType = sourcecode.c.h; path = AFJSONRequestOperation.h; sourceTree = "<group>"; };
		DE48F67A1640A57100B3A52E /* AFJSONUtilities.h */ = {isa = PBXFileReference; fileEncoding = 4; lastKnownFileType = sourcecode.c.h; path = AFJSONUtilities.h; sourceTree = "<group>"; };
		DE48F67B1640A57100B3A52E /* AFNetworkActivityIndicatorManager.h */ = {isa = PBXFileReference; fileEncoding = 4; lastKnownFileType = sourcecode.c.h; path = AFNetworkActivityIndicatorManager.h; sourceTree = "<group>"; };
		DE48F67C1640A57100B3A52E /* AFNetworking.h */ = {isa = PBXFileReference; fileEncoding = 4; lastKnownFileType = sourcecode.c.h; path = AFNetworking.h; sourceTree = "<group>"; };
		DE48F67D1640A57100B3A52E /* AFPropertyListRequestOperation.h */ = {isa = PBXFileReference; fileEncoding = 4; lastKnownFileType = sourcecode.c.h; path = AFPropertyListRequestOperation.h; sourceTree = "<group>"; };
		DE48F67E1640A57100B3A52E /* AFURLConnectionOperation.h */ = {isa = PBXFileReference; fileEncoding = 4; lastKnownFileType = sourcecode.c.h; path = AFURLConnectionOperation.h; sourceTree = "<group>"; };
		DE48F67F1640A57100B3A52E /* AFXMLRequestOperation.h */ = {isa = PBXFileReference; fileEncoding = 4; lastKnownFileType = sourcecode.c.h; path = AFXMLRequestOperation.h; sourceTree = "<group>"; };
		DE48F6801640A57200B3A52E /* Base64EncodedStringFromData.h */ = {isa = PBXFileReference; fileEncoding = 4; lastKnownFileType = sourcecode.c.h; path = Base64EncodedStringFromData.h; sourceTree = "<group>"; };
		DE48F6811640A57200B3A52E /* KeychainWrapper.h */ = {isa = PBXFileReference; fileEncoding = 4; lastKnownFileType = sourcecode.c.h; path = KeychainWrapper.h; sourceTree = "<group>"; };
		DE48F6821640A57200B3A52E /* NSArray+Enumerable.h */ = {isa = PBXFileReference; fileEncoding = 4; lastKnownFileType = sourcecode.c.h; path = "NSArray+Enumerable.h"; sourceTree = "<group>"; };
		DE48F6831640A57200B3A52E /* NSDictionary+AtomicCounter.h */ = {isa = PBXFileReference; fileEncoding = 4; lastKnownFileType = sourcecode.c.h; path = "NSDictionary+AtomicCounter.h"; sourceTree = "<group>"; };
		DE48F6841640A57200B3A52E /* NSEntityDescription+StackMobSerialization.h */ = {isa = PBXFileReference; fileEncoding = 4; lastKnownFileType = sourcecode.c.h; path = "NSEntityDescription+StackMobSerialization.h"; sourceTree = "<group>"; };
		DE48F6851640A57200B3A52E /* NSManagedObject+StackMobSerialization.h */ = {isa = PBXFileReference; fileEncoding = 4; lastKnownFileType = sourcecode.c.h; path = "NSManagedObject+StackMobSerialization.h"; sourceTree = "<group>"; };
		DE48F6861640A57200B3A52E /* SMBinaryDataConversion.h */ = {isa = PBXFileReference; fileEncoding = 4; lastKnownFileType = sourcecode.c.h; path = SMBinaryDataConversion.h; sourceTree = "<group>"; };
		DE48F6871640A57200B3A52E /* SMClient.h */ = {isa = PBXFileReference; fileEncoding = 4; lastKnownFileType = sourcecode.c.h; path = SMClient.h; sourceTree = "<group>"; };
		DE48F6881640A57200B3A52E /* SMCoreDataStore.h */ = {isa = PBXFileReference; fileEncoding = 4; lastKnownFileType = sourcecode.c.h; path = SMCoreDataStore.h; sourceTree = "<group>"; };
		DE48F6891640A57200B3A52E /* SMCustomCodeRequest.h */ = {isa = PBXFileReference; fileEncoding = 4; lastKnownFileType = sourcecode.c.h; path = SMCustomCodeRequest.h; sourceTree = "<group>"; };
		DE48F68A1640A57200B3A52E /* SMDataStore+Protected.h */ = {isa = PBXFileReference; fileEncoding = 4; lastKnownFileType = sourcecode.c.h; path = "SMDataStore+Protected.h"; sourceTree = "<group>"; };
		DE48F68B1640A57200B3A52E /* SMDataStore.h */ = {isa = PBXFileReference; fileEncoding = 4; lastKnownFileType = sourcecode.c.h; path = SMDataStore.h; sourceTree = "<group>"; };
		DE48F68C1640A57200B3A52E /* SMError.h */ = {isa = PBXFileReference; fileEncoding = 4; lastKnownFileType = sourcecode.c.h; path = SMError.h; sourceTree = "<group>"; };
		DE48F68D1640A57200B3A52E /* SMIncrementalStore+Query.h */ = {isa = PBXFileReference; fileEncoding = 4; lastKnownFileType = sourcecode.c.h; path = "SMIncrementalStore+Query.h"; sourceTree = "<group>"; };
		DE48F68E1640A57200B3A52E /* SMIncrementalStore.h */ = {isa = PBXFileReference; fileEncoding = 4; lastKnownFileType = sourcecode.c.h; path = SMIncrementalStore.h; sourceTree = "<group>"; };
		DE48F68F1640A57200B3A52E /* SMJSONRequestOperation.h */ = {isa = PBXFileReference; fileEncoding = 4; lastKnownFileType = sourcecode.c.h; path = SMJSONRequestOperation.h; sourceTree = "<group>"; };
		DE48F6901640A57200B3A52E /* SMOAuth1Client.h */ = {isa = PBXFileReference; fileEncoding = 4; lastKnownFileType = sourcecode.c.h; path = SMOAuth1Client.h; sourceTree = "<group>"; };
		DE48F6911640A57200B3A52E /* SMOAuth2Client.h */ = {isa = PBXFileReference; fileEncoding = 4; lastKnownFileType = sourcecode.c.h; path = SMOAuth2Client.h; sourceTree = "<group>"; };
		DE48F6921640A57200B3A52E /* SMPushClient.h */ = {isa = PBXFileReference; fileEncoding = 4; lastKnownFileType = sourcecode.c.h; path = SMPushClient.h; sourceTree = "<group>"; };
		DE48F6931640A57200B3A52E /* SMPushToken.h */ = {isa = PBXFileReference; fileEncoding = 4; lastKnownFileType = sourcecode.c.h; path = SMPushToken.h; sourceTree = "<group>"; };
		DE48F6941640A57200B3A52E /* SMQuery.h */ = {isa = PBXFileReference; fileEncoding = 4; lastKnownFileType = sourcecode.c.h; path = SMQuery.h; sourceTree = "<group>"; };
		DE48F6951640A57200B3A52E /* SMRequestOptions.h */ = {isa = PBXFileReference; fileEncoding = 4; lastKnownFileType = sourcecode.c.h; path = SMRequestOptions.h; sourceTree = "<group>"; };
		DE48F6961640A57200B3A52E /* SMResponseBlocks.h */ = {isa = PBXFileReference; fileEncoding = 4; lastKnownFileType = sourcecode.c.h; path = SMResponseBlocks.h; sourceTree = "<group>"; };
		DE48F6971640A57200B3A52E /* SMUserManagedObject.h */ = {isa = PBXFileReference; fileEncoding = 4; lastKnownFileType = sourcecode.c.h; path = SMUserManagedObject.h; sourceTree = "<group>"; };
		DE48F6981640A57200B3A52E /* SMUserSession.h */ = {isa = PBXFileReference; fileEncoding = 4; lastKnownFileType = sourcecode.c.h; path = SMUserSession.h; sourceTree = "<group>"; };
		DE48F6991640A57200B3A52E /* SMVersion.h */ = {isa = PBXFileReference; fileEncoding = 4; lastKnownFileType = sourcecode.c.h; path = SMVersion.h; sourceTree = "<group>"; };
		DE48F69A1640A57200B3A52E /* StackMob.h */ = {isa = PBXFileReference; fileEncoding = 4; lastKnownFileType = sourcecode.c.h; path = StackMob.h; sourceTree = "<group>"; };
		DE48F69B1640A57200B3A52E /* StackMobPush.h */ = {isa = PBXFileReference; fileEncoding = 4; lastKnownFileType = sourcecode.c.h; path = StackMobPush.h; sourceTree = "<group>"; };
		DE48F69C1640A57200B3A52E /* Synchronization.h */ = {isa = PBXFileReference; fileEncoding = 4; lastKnownFileType = sourcecode.c.h; path = Synchronization.h; sourceTree = "<group>"; };
		DE48F69D1640A57200B3A52E /* UIImageView+AFNetworking.h */ = {isa = PBXFileReference; fileEncoding = 4; lastKnownFileType = sourcecode.c.h; path = "UIImageView+AFNetworking.h"; sourceTree = "<group>"; };
		DE48F69E1640A57200B3A52E /* libstackmob-v1.1.3.a */ = {isa = PBXFileReference; lastKnownFileType = archive.ar; path = "libstackmob-v1.1.3.a"; sourceTree = "<group>"; };
		DE4BCB63161638D4003F4A66 /* push-notifications.app */ = {isa = PBXFileReference; explicitFileType = wrapper.application; includeInIndex = 0; path = "push-notifications.app"; sourceTree = BUILT_PRODUCTS_DIR; };
		DE4BCB67161638D4003F4A66 /* UIKit.framework */ = {isa = PBXFileReference; lastKnownFileType = wrapper.framework; name = UIKit.framework; path = System/Library/Frameworks/UIKit.framework; sourceTree = SDKROOT; };
		DE4BCB69161638D4003F4A66 /* Foundation.framework */ = {isa = PBXFileReference; lastKnownFileType = wrapper.framework; name = Foundation.framework; path = System/Library/Frameworks/Foundation.framework; sourceTree = SDKROOT; };
		DE4BCB6B161638D4003F4A66 /* CoreGraphics.framework */ = {isa = PBXFileReference; lastKnownFileType = wrapper.framework; name = CoreGraphics.framework; path = System/Library/Frameworks/CoreGraphics.framework; sourceTree = SDKROOT; };
		DE4BCB6F161638D4003F4A66 /* push-notifications-Info.plist */ = {isa = PBXFileReference; lastKnownFileType = text.plist.xml; path = "push-notifications-Info.plist"; sourceTree = "<group>"; };
		DE4BCB71161638D4003F4A66 /* en */ = {isa = PBXFileReference; lastKnownFileType = text.plist.strings; name = en; path = en.lproj/InfoPlist.strings; sourceTree = "<group>"; };
		DE4BCB73161638D4003F4A66 /* main.m */ = {isa = PBXFileReference; lastKnownFileType = sourcecode.c.objc; path = main.m; sourceTree = "<group>"; };
		DE4BCB75161638D4003F4A66 /* push-notifications-Prefix.pch */ = {isa = PBXFileReference; lastKnownFileType = sourcecode.c.h; path = "push-notifications-Prefix.pch"; sourceTree = "<group>"; };
		DE4BCB76161638D4003F4A66 /* AppDelegate.h */ = {isa = PBXFileReference; lastKnownFileType = sourcecode.c.h; path = AppDelegate.h; sourceTree = "<group>"; };
		DE4BCB77161638D4003F4A66 /* AppDelegate.m */ = {isa = PBXFileReference; lastKnownFileType = sourcecode.c.objc; path = AppDelegate.m; sourceTree = "<group>"; };
		DE4BCB7A161638D4003F4A66 /* en */ = {isa = PBXFileReference; lastKnownFileType = file.storyboard; name = en; path = en.lproj/MainStoryboard.storyboard; sourceTree = "<group>"; };
		DE4BCB7C161638D4003F4A66 /* ViewController.h */ = {isa = PBXFileReference; lastKnownFileType = sourcecode.c.h; path = ViewController.h; sourceTree = "<group>"; };
		DE4BCB7D161638D4003F4A66 /* ViewController.m */ = {isa = PBXFileReference; lastKnownFileType = sourcecode.c.objc; path = ViewController.m; sourceTree = "<group>"; };
		DE4BCB861616392E003F4A66 /* CoreData.framework */ = {isa = PBXFileReference; lastKnownFileType = wrapper.framework; name = CoreData.framework; path = System/Library/Frameworks/CoreData.framework; sourceTree = SDKROOT; };
		DE4BCB8916163987003F4A66 /* mydatamodel.xcdatamodel */ = {isa = PBXFileReference; lastKnownFileType = wrapper.xcdatamodel; path = mydatamodel.xcdatamodel; sourceTree = "<group>"; };
		DEE2A437165C16470022391A /* SystemConfiguration.framework */ = {isa = PBXFileReference; lastKnownFileType = wrapper.framework; name = SystemConfiguration.framework; path = System/Library/Frameworks/SystemConfiguration.framework; sourceTree = SDKROOT; };
		DEE2A43A165C164C0022391A /* MobileCoreServices.framework */ = {isa = PBXFileReference; lastKnownFileType = wrapper.framework; name = MobileCoreServices.framework; path = System/Library/Frameworks/MobileCoreServices.framework; sourceTree = SDKROOT; };
		DEE5C41B162F34490024001B /* Default-568h@2x.png */ = {isa = PBXFileReference; lastKnownFileType = image.png; path = "Default-568h@2x.png"; sourceTree = "<group>"; };
		DEE777AD162DFF0C002E9E33 /* Security.framework */ = {isa = PBXFileReference; lastKnownFileType = wrapper.framework; name = Security.framework; path = System/Library/Frameworks/Security.framework; sourceTree = SDKROOT; };
/* End PBXFileReference section */

/* Begin PBXFrameworksBuildPhase section */
		DE4BCB60161638D4003F4A66 /* Frameworks */ = {
			isa = PBXFrameworksBuildPhase;
			buildActionMask = 2147483647;
			files = (
				DEE2A43B165C164C0022391A /* MobileCoreServices.framework in Frameworks */,
				DEE2A438165C16470022391A /* SystemConfiguration.framework in Frameworks */,
				DEE777AE162DFF0C002E9E33 /* Security.framework in Frameworks */,
				DE4BCB871616392E003F4A66 /* CoreData.framework in Frameworks */,
				DE4BCB68161638D4003F4A66 /* UIKit.framework in Frameworks */,
				DE4BCB6A161638D4003F4A66 /* Foundation.framework in Frameworks */,
				DE4BCB6C161638D4003F4A66 /* CoreGraphics.framework in Frameworks */,
				DE48F6A01640A57200B3A52E /* libstackmob-v1.1.3.a in Frameworks */,
			);
			runOnlyForDeploymentPostprocessing = 0;
		};
/* End PBXFrameworksBuildPhase section */

/* Begin PBXGroup section */
		DE48F6731640A57100B3A52E /* StackMob-v1.1.3 */ = {
			isa = PBXGroup;
			children = (
				DE48F6741640A57100B3A52E /* CHANGELOG.md */,
				DE48F6751640A57100B3A52E /* Headers */,
				DE48F69E1640A57200B3A52E /* libstackmob-v1.1.3.a */,
			);
			path = "StackMob-v1.1.3";
			sourceTree = "<group>";
		};
		DE48F6751640A57100B3A52E /* Headers */ = {
			isa = PBXGroup;
			children = (
				DE48F6761640A57100B3A52E /* AFHTTPClient.h */,
				DE48F6771640A57100B3A52E /* AFHTTPRequestOperation.h */,
				DE48F6781640A57100B3A52E /* AFImageRequestOperation.h */,
				DE48F6791640A57100B3A52E /* AFJSONRequestOperation.h */,
				DE48F67A1640A57100B3A52E /* AFJSONUtilities.h */,
				DE48F67B1640A57100B3A52E /* AFNetworkActivityIndicatorManager.h */,
				DE48F67C1640A57100B3A52E /* AFNetworking.h */,
				DE48F67D1640A57100B3A52E /* AFPropertyListRequestOperation.h */,
				DE48F67E1640A57100B3A52E /* AFURLConnectionOperation.h */,
				DE48F67F1640A57100B3A52E /* AFXMLRequestOperation.h */,
				DE48F6801640A57200B3A52E /* Base64EncodedStringFromData.h */,
				DE48F6811640A57200B3A52E /* KeychainWrapper.h */,
				DE48F6821640A57200B3A52E /* NSArray+Enumerable.h */,
				DE48F6831640A57200B3A52E /* NSDictionary+AtomicCounter.h */,
				DE48F6841640A57200B3A52E /* NSEntityDescription+StackMobSerialization.h */,
				DE48F6851640A57200B3A52E /* NSManagedObject+StackMobSerialization.h */,
				DE48F6861640A57200B3A52E /* SMBinaryDataConversion.h */,
				DE48F6871640A57200B3A52E /* SMClient.h */,
				DE48F6881640A57200B3A52E /* SMCoreDataStore.h */,
				DE48F6891640A57200B3A52E /* SMCustomCodeRequest.h */,
				DE48F68A1640A57200B3A52E /* SMDataStore+Protected.h */,
				DE48F68B1640A57200B3A52E /* SMDataStore.h */,
				DE48F68C1640A57200B3A52E /* SMError.h */,
				DE48F68D1640A57200B3A52E /* SMIncrementalStore+Query.h */,
				DE48F68E1640A57200B3A52E /* SMIncrementalStore.h */,
				DE48F68F1640A57200B3A52E /* SMJSONRequestOperation.h */,
				DE48F6901640A57200B3A52E /* SMOAuth1Client.h */,
				DE48F6911640A57200B3A52E /* SMOAuth2Client.h */,
				DE48F6921640A57200B3A52E /* SMPushClient.h */,
				DE48F6931640A57200B3A52E /* SMPushToken.h */,
				DE48F6941640A57200B3A52E /* SMQuery.h */,
				DE48F6951640A57200B3A52E /* SMRequestOptions.h */,
				DE48F6961640A57200B3A52E /* SMResponseBlocks.h */,
				DE48F6971640A57200B3A52E /* SMUserManagedObject.h */,
				DE48F6981640A57200B3A52E /* SMUserSession.h */,
				DE48F6991640A57200B3A52E /* SMVersion.h */,
				DE48F69A1640A57200B3A52E /* StackMob.h */,
				DE48F69B1640A57200B3A52E /* StackMobPush.h */,
				DE48F69C1640A57200B3A52E /* Synchronization.h */,
				DE48F69D1640A57200B3A52E /* UIImageView+AFNetworking.h */,
			);
			path = Headers;
			sourceTree = "<group>";
		};
		DE4BCB58161638D4003F4A66 = {
			isa = PBXGroup;
			children = (
				DE48F6731640A57100B3A52E /* StackMob-v1.1.3 */,
				DE4BCB6D161638D4003F4A66 /* push-notifications */,
				DE4BCB66161638D4003F4A66 /* Frameworks */,
				DE4BCB64161638D4003F4A66 /* Products */,
			);
			sourceTree = "<group>";
		};
		DE4BCB64161638D4003F4A66 /* Products */ = {
			isa = PBXGroup;
			children = (
				DE4BCB63161638D4003F4A66 /* push-notifications.app */,
			);
			name = Products;
			sourceTree = "<group>";
		};
		DE4BCB66161638D4003F4A66 /* Frameworks */ = {
			isa = PBXGroup;
			children = (
				DEE2A43A165C164C0022391A /* MobileCoreServices.framework */,
				DEE2A437165C16470022391A /* SystemConfiguration.framework */,
				DEE777AD162DFF0C002E9E33 /* Security.framework */,
				DE4BCB861616392E003F4A66 /* CoreData.framework */,
				DE4BCB67161638D4003F4A66 /* UIKit.framework */,
				DE4BCB69161638D4003F4A66 /* Foundation.framework */,
				DE4BCB6B161638D4003F4A66 /* CoreGraphics.framework */,
			);
			name = Frameworks;
			sourceTree = "<group>";
		};
		DE4BCB6D161638D4003F4A66 /* push-notifications */ = {
			isa = PBXGroup;
			children = (
				DE4BCB76161638D4003F4A66 /* AppDelegate.h */,
				DE4BCB77161638D4003F4A66 /* AppDelegate.m */,
				DE4BCB79161638D4003F4A66 /* MainStoryboard.storyboard */,
				DE4BCB7C161638D4003F4A66 /* ViewController.h */,
				DE4BCB7D161638D4003F4A66 /* ViewController.m */,
				DE4BCB6E161638D4003F4A66 /* Supporting Files */,
				DE4BCB8816163987003F4A66 /* mydatamodel.xcdatamodeld */,
			);
			path = "push-notifications";
			sourceTree = "<group>";
		};
		DE4BCB6E161638D4003F4A66 /* Supporting Files */ = {
			isa = PBXGroup;
			children = (
				DEE5C41B162F34490024001B /* Default-568h@2x.png */,
				DE4BCB6F161638D4003F4A66 /* push-notifications-Info.plist */,
				DE4BCB70161638D4003F4A66 /* InfoPlist.strings */,
				DE4BCB73161638D4003F4A66 /* main.m */,
				DE4BCB75161638D4003F4A66 /* push-notifications-Prefix.pch */,
			);
			name = "Supporting Files";
			sourceTree = "<group>";
		};
/* End PBXGroup section */

/* Begin PBXNativeTarget section */
		DE4BCB62161638D4003F4A66 /* push-notifications */ = {
			isa = PBXNativeTarget;
			buildConfigurationList = DE4BCB81161638D4003F4A66 /* Build configuration list for PBXNativeTarget "push-notifications" */;
			buildPhases = (
				DE4BCB5F161638D4003F4A66 /* Sources */,
				DE4BCB60161638D4003F4A66 /* Frameworks */,
				DE4BCB61161638D4003F4A66 /* Resources */,
			);
			buildRules = (
			);
			dependencies = (
			);
			name = "push-notifications";
			productName = "push-notifications";
			productReference = DE4BCB63161638D4003F4A66 /* push-notifications.app */;
			productType = "com.apple.product-type.application";
		};
/* End PBXNativeTarget section */

/* Begin PBXProject section */
		DE4BCB5A161638D4003F4A66 /* Project object */ = {
			isa = PBXProject;
			attributes = {
				LastUpgradeCheck = 0440;
				ORGANIZATIONNAME = StackMob;
			};
			buildConfigurationList = DE4BCB5D161638D4003F4A66 /* Build configuration list for PBXProject "push-notifications" */;
			compatibilityVersion = "Xcode 3.2";
			developmentRegion = English;
			hasScannedForEncodings = 0;
			knownRegions = (
				en,
			);
			mainGroup = DE4BCB58161638D4003F4A66;
			productRefGroup = DE4BCB64161638D4003F4A66 /* Products */;
			projectDirPath = "";
			projectRoot = "";
			targets = (
				DE4BCB62161638D4003F4A66 /* push-notifications */,
			);
		};
/* End PBXProject section */

/* Begin PBXResourcesBuildPhase section */
		DE4BCB61161638D4003F4A66 /* Resources */ = {
			isa = PBXResourcesBuildPhase;
			buildActionMask = 2147483647;
			files = (
				DE4BCB72161638D4003F4A66 /* InfoPlist.strings in Resources */,
				DE4BCB7B161638D4003F4A66 /* MainStoryboard.storyboard in Resources */,
				DEE5C41C162F34490024001B /* Default-568h@2x.png in Resources */,
				DE48F69F1640A57200B3A52E /* CHANGELOG.md in Resources */,
			);
			runOnlyForDeploymentPostprocessing = 0;
		};
/* End PBXResourcesBuildPhase section */

/* Begin PBXSourcesBuildPhase section */
		DE4BCB5F161638D4003F4A66 /* Sources */ = {
			isa = PBXSourcesBuildPhase;
			buildActionMask = 2147483647;
			files = (
				DE4BCB74161638D4003F4A66 /* main.m in Sources */,
				DE4BCB78161638D4003F4A66 /* AppDelegate.m in Sources */,
				DE4BCB7E161638D4003F4A66 /* ViewController.m in Sources */,
				DE4BCB8A16163987003F4A66 /* mydatamodel.xcdatamodeld in Sources */,
			);
			runOnlyForDeploymentPostprocessing = 0;
		};
/* End PBXSourcesBuildPhase section */

/* Begin PBXVariantGroup section */
		DE4BCB70161638D4003F4A66 /* InfoPlist.strings */ = {
			isa = PBXVariantGroup;
			children = (
				DE4BCB71161638D4003F4A66 /* en */,
			);
			name = InfoPlist.strings;
			sourceTree = "<group>";
		};
		DE4BCB79161638D4003F4A66 /* MainStoryboard.storyboard */ = {
			isa = PBXVariantGroup;
			children = (
				DE4BCB7A161638D4003F4A66 /* en */,
			);
			name = MainStoryboard.storyboard;
			sourceTree = "<group>";
		};
/* End PBXVariantGroup section */

/* Begin XCBuildConfiguration section */
		DE4BCB7F161638D4003F4A66 /* Debug */ = {
			isa = XCBuildConfiguration;
			buildSettings = {
				ALWAYS_SEARCH_USER_PATHS = NO;
				ARCHS = "$(ARCHS_STANDARD_32_BIT)";
				CLANG_CXX_LANGUAGE_STANDARD = "gnu++0x";
				CLANG_ENABLE_OBJC_ARC = YES;
				CLANG_WARN__DUPLICATE_METHOD_MATCH = YES;
				"CODE_SIGN_IDENTITY[sdk=iphoneos*]" = "iPhone Developer";
				COPY_PHASE_STRIP = NO;
				GCC_C_LANGUAGE_STANDARD = gnu99;
				GCC_DYNAMIC_NO_PIC = NO;
				GCC_OPTIMIZATION_LEVEL = 0;
				GCC_PREPROCESSOR_DEFINITIONS = (
					"DEBUG=1",
					"$(inherited)",
				);
				GCC_SYMBOLS_PRIVATE_EXTERN = NO;
				GCC_VERSION = com.apple.compilers.llvm.clang.1_0;
				GCC_WARN_ABOUT_RETURN_TYPE = YES;
				GCC_WARN_UNINITIALIZED_AUTOS = YES;
				GCC_WARN_UNUSED_VARIABLE = YES;
				IPHONEOS_DEPLOYMENT_TARGET = 5.1;
				SDKROOT = iphoneos;
			};
			name = Debug;
		};
		DE4BCB80161638D4003F4A66 /* Release */ = {
			isa = XCBuildConfiguration;
			buildSettings = {
				ALWAYS_SEARCH_USER_PATHS = NO;
				ARCHS = "$(ARCHS_STANDARD_32_BIT)";
				CLANG_CXX_LANGUAGE_STANDARD = "gnu++0x";
				CLANG_ENABLE_OBJC_ARC = YES;
				CLANG_WARN__DUPLICATE_METHOD_MATCH = YES;
				"CODE_SIGN_IDENTITY[sdk=iphoneos*]" = "iPhone Developer";
				COPY_PHASE_STRIP = YES;
				GCC_C_LANGUAGE_STANDARD = gnu99;
				GCC_VERSION = com.apple.compilers.llvm.clang.1_0;
				GCC_WARN_ABOUT_RETURN_TYPE = YES;
				GCC_WARN_UNINITIALIZED_AUTOS = YES;
				GCC_WARN_UNUSED_VARIABLE = YES;
				IPHONEOS_DEPLOYMENT_TARGET = 5.1;
				OTHER_CFLAGS = "-DNS_BLOCK_ASSERTIONS=1";
				SDKROOT = iphoneos;
				VALIDATE_PRODUCT = YES;
			};
			name = Release;
		};
		DE4BCB82161638D4003F4A66 /* Debug */ = {
			isa = XCBuildConfiguration;
			buildSettings = {
				CODE_SIGN_IDENTITY = "";
				"CODE_SIGN_IDENTITY[sdk=iphoneos*]" = "";
				GCC_PRECOMPILE_PREFIX_HEADER = YES;
				GCC_PREFIX_HEADER = "push-notifications/push-notifications-Prefix.pch";
				INFOPLIST_FILE = "push-notifications/push-notifications-Info.plist";
				LIBRARY_SEARCH_PATHS = (
					"$(inherited)",
					"\"$(SRCROOT)/StackMob-v1.1.3\"",
				);
				OTHER_LDFLAGS = "-ObjC";
				PRODUCT_NAME = "push-notifications";
				WRAPPER_EXTENSION = app;
			};
			name = Debug;
		};
		DE4BCB83161638D4003F4A66 /* Release */ = {
			isa = XCBuildConfiguration;
			buildSettings = {
				GCC_PRECOMPILE_PREFIX_HEADER = YES;
				GCC_PREFIX_HEADER = "push-notifications/push-notifications-Prefix.pch";
				INFOPLIST_FILE = "push-notifications/push-notifications-Info.plist";
				LIBRARY_SEARCH_PATHS = (
					"$(inherited)",
					"\"$(SRCROOT)/StackMob-v1.1.3\"",
				);
				OTHER_LDFLAGS = "-ObjC";
				PRODUCT_NAME = "push-notifications";
				WRAPPER_EXTENSION = app;
			};
			name = Release;
		};
/* End XCBuildConfiguration section */

/* Begin XCConfigurationList section */
		DE4BCB5D161638D4003F4A66 /* Build configuration list for PBXProject "push-notifications" */ = {
			isa = XCConfigurationList;
			buildConfigurations = (
				DE4BCB7F161638D4003F4A66 /* Debug */,
				DE4BCB80161638D4003F4A66 /* Release */,
			);
			defaultConfigurationIsVisible = 0;
			defaultConfigurationName = Release;
		};
		DE4BCB81161638D4003F4A66 /* Build configuration list for PBXNativeTarget "push-notifications" */ = {
			isa = XCConfigurationList;
			buildConfigurations = (
				DE4BCB82161638D4003F4A66 /* Debug */,
				DE4BCB83161638D4003F4A66 /* Release */,
			);
			defaultConfigurationIsVisible = 0;
			defaultConfigurationName = Release;
		};
/* End XCConfigurationList section */

/* Begin XCVersionGroup section */
		DE4BCB8816163987003F4A66 /* mydatamodel.xcdatamodeld */ = {
			isa = XCVersionGroup;
			children = (
				DE4BCB8916163987003F4A66 /* mydatamodel.xcdatamodel */,
			);
			currentVersion = DE4BCB8916163987003F4A66 /* mydatamodel.xcdatamodel */;
			path = mydatamodel.xcdatamodeld;
			sourceTree = "<group>";
			versionGroupType = wrapper.xcdatamodel;
		};
/* End XCVersionGroup section */
	};
	rootObject = DE4BCB5A161638D4003F4A66 /* Project object */;
}
